
Microsoft Visual Studio Solution File, Format Version 12.00
# Visual Studio Version 17
VisualStudioVersion = 17.9.34714.143
MinimumVisualStudioVersion = 10.0.40219.1
Project("{9A19103F-16F7-4668-BE54-9A1E7A4F7556}") = "Loyiso_MunicipalWebApp", "Loyiso_MunicipalWebApp\Loyiso_MunicipalWebApp.csproj", "{79261290-772A-496F-91EE-45B0D39F6346}"
EndProject
Global
	GlobalSection(SolutionConfigurationPlatforms) = preSolution
		Debug|Any CPU = Debug|Any CPU
		Release|Any CPU = Release|Any CPU
	EndGlobalSection
	GlobalSection(ProjectConfigurationPlatforms) = postSolution
		{79261290-772A-496F-91EE-45B0D39F6346}.Debug|Any CPU.ActiveCfg = Debug|Any CPU
		{79261290-772A-496F-91EE-45B0D39F6346}.Debug|Any CPU.Build.0 = Debug|Any CPU
		{79261290-772A-496F-91EE-45B0D39F6346}.Release|Any CPU.ActiveCfg = Release|Any CPU
		{79261290-772A-496F-91EE-45B0D39F6346}.Release|Any CPU.Build.0 = Release|Any CPU
	EndGlobalSection
	GlobalSection(SolutionProperties) = preSolution
		HideSolutionNode = FALSE
	EndGlobalSection
	GlobalSection(ExtensibilityGlobals) = postSolution
		SolutionGuid = {1636EDC2-BF5E-454D-B9D7-74476D98785A}
	EndGlobalSection
EndGlobal
